
Microsoft Visual Studio Solution File, Format Version 12.00
# Visual Studio Version 17
VisualStudioVersion = 17.10.35027.167
MinimumVisualStudioVersion = 10.0.40219.1
Project("{FAE04EC0-301F-11D3-BF4B-00C04F79EFBC}") = "CreateViewComponent", "CreateViewComponent\CreateViewComponent.csproj", "{0ED2E7C5-ACD9-4916-98AF-2709B9384DEC}"
EndProject
Global
	GlobalSection(SolutionConfigurationPlatforms) = preSolution
		Debug|Any CPU = Debug|Any CPU
		Release|Any CPU = Release|Any CPU
	EndGlobalSection
	GlobalSection(ProjectConfigurationPlatforms) = postSolution
		{0ED2E7C5-ACD9-4916-98AF-2709B9384DEC}.Debug|Any CPU.ActiveCfg = Debug|Any CPU
		{0ED2E7C5-ACD9-4916-98AF-2709B9384DEC}.Debug|Any CPU.Build.0 = Debug|Any CPU
		{0ED2E7C5-ACD9-4916-98AF-2709B9384DEC}.Release|Any CPU.ActiveCfg = Release|Any CPU
		{0ED2E7C5-ACD9-4916-98AF-2709B9384DEC}.Release|Any CPU.Build.0 = Release|Any CPU
	EndGlobalSection
	GlobalSection(SolutionProperties) = preSolution
		HideSolutionNode = FALSE
	EndGlobalSection
	GlobalSection(ExtensibilityGlobals) = postSolution
		SolutionGuid = {9B9C206F-5D07-449C-BB7B-1CF4CAB6F020}
	EndGlobalSection
EndGlobal
